// !$*UTF8*$!
{
	archiveVersion = 1;
	classes = {
	};
	objectVersion = 56;
	objects = {

/* Begin PBXBuildFile section */
		4A5F3DFF29CC70E9007B8BFA /* Extension's.swift in Sources */ = {isa = PBXBuildFile; fileRef = 4A5F3DFE29CC70E9007B8BFA /* Extension's.swift */; };
		4A5F3E0329CCDD47007B8BFA /* LatestItemView.swift in Sources */ = {isa = PBXBuildFile; fileRef = 4A5F3E0229CCDD47007B8BFA /* LatestItemView.swift */; };
		4AC5036E29CE2C7A003D0063 /* UserSettings.swift in Sources */ = {isa = PBXBuildFile; fileRef = 4AC5036D29CE2C7A003D0063 /* UserSettings.swift */; };
		4AC5037029CF7E70003D0063 /* FlashSaleItemView.swift in Sources */ = {isa = PBXBuildFile; fileRef = 4AC5036F29CF7E70003D0063 /* FlashSaleItemView.swift */; };
		4AE98F6729CB7A94006DEA05 /* TaskTestSwiftUIApp.swift in Sources */ = {isa = PBXBuildFile; fileRef = 4AE98F6629CB7A94006DEA05 /* TaskTestSwiftUIApp.swift */; };
		4AE98F6929CB7A94006DEA05 /* ContentView.swift in Sources */ = {isa = PBXBuildFile; fileRef = 4AE98F6829CB7A94006DEA05 /* ContentView.swift */; };
		4AE98F6B29CB7A95006DEA05 /* Assets.xcassets in Resources */ = {isa = PBXBuildFile; fileRef = 4AE98F6A29CB7A95006DEA05 /* Assets.xcassets */; };
		4AE98F6E29CB7A95006DEA05 /* Preview Assets.xcassets in Resources */ = {isa = PBXBuildFile; fileRef = 4AE98F6D29CB7A95006DEA05 /* Preview Assets.xcassets */; };
		4AE98F7629CB7AE2006DEA05 /* CartView.swift in Sources */ = {isa = PBXBuildFile; fileRef = 4AE98F7529CB7AE2006DEA05 /* CartView.swift */; };
		4AE98F7829CB7B0D006DEA05 /* CategoryGoodsView.swift in Sources */ = {isa = PBXBuildFile; fileRef = 4AE98F7729CB7B0D006DEA05 /* CategoryGoodsView.swift */; };
		4AE98F7A29CB7B5E006DEA05 /* CustomButtonView.swift in Sources */ = {isa = PBXBuildFile; fileRef = 4AE98F7929CB7B5E006DEA05 /* CustomButtonView.swift */; };
		4AE98F7C29CB7B73006DEA05 /* DataStore.swift in Sources */ = {isa = PBXBuildFile; fileRef = 4AE98F7B29CB7B73006DEA05 /* DataStore.swift */; };
		4AE98F7E29CB7B99006DEA05 /* FlashSaleView.swift in Sources */ = {isa = PBXBuildFile; fileRef = 4AE98F7D29CB7B99006DEA05 /* FlashSaleView.swift */; };
		4AE98F8029CB7BB8006DEA05 /* HomeView.swift in Sources */ = {isa = PBXBuildFile; fileRef = 4AE98F7F29CB7BB8006DEA05 /* HomeView.swift */; };
		4AE98F8229CB7BDA006DEA05 /* LatestView.swift in Sources */ = {isa = PBXBuildFile; fileRef = 4AE98F8129CB7BDA006DEA05 /* LatestView.swift */; };
		4AE98F8629CB7C4F006DEA05 /* LoginView.swift in Sources */ = {isa = PBXBuildFile; fileRef = 4AE98F8529CB7C4F006DEA05 /* LoginView.swift */; };
		4AE98F8829CB7C70006DEA05 /* ModelAPI.swift in Sources */ = {isa = PBXBuildFile; fileRef = 4AE98F8729CB7C70006DEA05 /* ModelAPI.swift */; };
		4AE98F8A29CB7C8A006DEA05 /* Models.swift in Sources */ = {isa = PBXBuildFile; fileRef = 4AE98F8929CB7C8A006DEA05 /* Models.swift */; };
		4AE98F8C29CB7CA3006DEA05 /* NetworkManager.swift in Sources */ = {isa = PBXBuildFile; fileRef = 4AE98F8B29CB7CA3006DEA05 /* NetworkManager.swift */; };
		4AE98F8E29CB7FBD006DEA05 /* PasswordConfirmationView.swift in Sources */ = {isa = PBXBuildFile; fileRef = 4AE98F8D29CB7FBD006DEA05 /* PasswordConfirmationView.swift */; };
		4AE98F9029CB7FE5006DEA05 /* PasswordFieldView.swift in Sources */ = {isa = PBXBuildFile; fileRef = 4AE98F8F29CB7FE5006DEA05 /* PasswordFieldView.swift */; };
		4AE98F9229CB7FFD006DEA05 /* ProductItemView.swift in Sources */ = {isa = PBXBuildFile; fileRef = 4AE98F9129CB7FFD006DEA05 /* ProductItemView.swift */; };
		4AE98F9429CB8020006DEA05 /* ProfileVIew.swift in Sources */ = {isa = PBXBuildFile; fileRef = 4AE98F9329CB8020006DEA05 /* ProfileVIew.swift */; };
		4AE98F9629CB8036006DEA05 /* FavoritesView.swift in Sources */ = {isa = PBXBuildFile; fileRef = 4AE98F9529CB8036006DEA05 /* FavoritesView.swift */; };
		4AE98F9829CB804E006DEA05 /* SignInPageView.swift in Sources */ = {isa = PBXBuildFile; fileRef = 4AE98F9729CB804E006DEA05 /* SignInPageView.swift */; };
		4AE98F9A29CB8069006DEA05 /* TabBarView.swift in Sources */ = {isa = PBXBuildFile; fileRef = 4AE98F9929CB8069006DEA05 /* TabBarView.swift */; };
		4AE98F9C29CB8080006DEA05 /* TextFieldView.swift in Sources */ = {isa = PBXBuildFile; fileRef = 4AE98F9B29CB8080006DEA05 /* TextFieldView.swift */; };
/* End PBXBuildFile section */

/* Begin PBXFileReference section */
		4A5F3DFE29CC70E9007B8BFA /* Extension's.swift */ = {isa = PBXFileReference; lastKnownFileType = sourcecode.swift; path = "Extension's.swift"; sourceTree = "<group>"; };
		4A5F3E0229CCDD47007B8BFA /* LatestItemView.swift */ = {isa = PBXFileReference; lastKnownFileType = sourcecode.swift; path = LatestItemView.swift; sourceTree = "<group>"; };
		4AC5036D29CE2C7A003D0063 /* UserSettings.swift */ = {isa = PBXFileReference; lastKnownFileType = sourcecode.swift; path = UserSettings.swift; sourceTree = "<group>"; };
		4AC5036F29CF7E70003D0063 /* FlashSaleItemView.swift */ = {isa = PBXFileReference; lastKnownFileType = sourcecode.swift; path = FlashSaleItemView.swift; sourceTree = "<group>"; };
		4AE98F6329CB7A94006DEA05 /* TaskTestSwiftUI.app */ = {isa = PBXFileReference; explicitFileType = wrapper.application; includeInIndex = 0; path = TaskTestSwiftUI.app; sourceTree = BUILT_PRODUCTS_DIR; };
		4AE98F6629CB7A94006DEA05 /* TaskTestSwiftUIApp.swift */ = {isa = PBXFileReference; lastKnownFileType = sourcecode.swift; path = TaskTestSwiftUIApp.swift; sourceTree = "<group>"; };
		4AE98F6829CB7A94006DEA05 /* ContentView.swift */ = {isa = PBXFileReference; lastKnownFileType = sourcecode.swift; path = ContentView.swift; sourceTree = "<group>"; };
		4AE98F6A29CB7A95006DEA05 /* Assets.xcassets */ = {isa = PBXFileReference; lastKnownFileType = folder.assetcatalog; path = Assets.xcassets; sourceTree = "<group>"; };
		4AE98F6D29CB7A95006DEA05 /* Preview Assets.xcassets */ = {isa = PBXFileReference; lastKnownFileType = folder.assetcatalog; path = "Preview Assets.xcassets"; sourceTree = "<group>"; };
		4AE98F7529CB7AE2006DEA05 /* CartView.swift */ = {isa = PBXFileReference; lastKnownFileType = sourcecode.swift; path = CartView.swift; sourceTree = "<group>"; };
		4AE98F7729CB7B0D006DEA05 /* CategoryGoodsView.swift */ = {isa = PBXFileReference; lastKnownFileType = sourcecode.swift; path = CategoryGoodsView.swift; sourceTree = "<group>"; };
		4AE98F7929CB7B5E006DEA05 /* CustomButtonView.swift */ = {isa = PBXFileReference; lastKnownFileType = sourcecode.swift; path = CustomButtonView.swift; sourceTree = "<group>"; };
		4AE98F7B29CB7B73006DEA05 /* DataStore.swift */ = {isa = PBXFileReference; lastKnownFileType = sourcecode.swift; path = DataStore.swift; sourceTree = "<group>"; };
		4AE98F7D29CB7B99006DEA05 /* FlashSaleView.swift */ = {isa = PBXFileReference; lastKnownFileType = sourcecode.swift; path = FlashSaleView.swift; sourceTree = "<group>"; };
		4AE98F7F29CB7BB8006DEA05 /* HomeView.swift */ = {isa = PBXFileReference; lastKnownFileType = sourcecode.swift; path = HomeView.swift; sourceTree = "<group>"; };
		4AE98F8129CB7BDA006DEA05 /* LatestView.swift */ = {isa = PBXFileReference; lastKnownFileType = sourcecode.swift; path = LatestView.swift; sourceTree = "<group>"; };
		4AE98F8529CB7C4F006DEA05 /* LoginView.swift */ = {isa = PBXFileReference; lastKnownFileType = sourcecode.swift; path = LoginView.swift; sourceTree = "<group>"; };
		4AE98F8729CB7C70006DEA05 /* ModelAPI.swift */ = {isa = PBXFileReference; lastKnownFileType = sourcecode.swift; path = ModelAPI.swift; sourceTree = "<group>"; };
		4AE98F8929CB7C8A006DEA05 /* Models.swift */ = {isa = PBXFileReference; lastKnownFileType = sourcecode.swift; path = Models.swift; sourceTree = "<group>"; };
		4AE98F8B29CB7CA3006DEA05 /* NetworkManager.swift */ = {isa = PBXFileReference; lastKnownFileType = sourcecode.swift; path = NetworkManager.swift; sourceTree = "<group>"; };
		4AE98F8D29CB7FBD006DEA05 /* PasswordConfirmationView.swift */ = {isa = PBXFileReference; lastKnownFileType = sourcecode.swift; path = PasswordConfirmationView.swift; sourceTree = "<group>"; };
		4AE98F8F29CB7FE5006DEA05 /* PasswordFieldView.swift */ = {isa = PBXFileReference; lastKnownFileType = sourcecode.swift; path = PasswordFieldView.swift; sourceTree = "<group>"; };
		4AE98F9129CB7FFD006DEA05 /* ProductItemView.swift */ = {isa = PBXFileReference; lastKnownFileType = sourcecode.swift; path = ProductItemView.swift; sourceTree = "<group>"; };
		4AE98F9329CB8020006DEA05 /* ProfileVIew.swift */ = {isa = PBXFileReference; lastKnownFileType = sourcecode.swift; path = ProfileVIew.swift; sourceTree = "<group>"; };
		4AE98F9529CB8036006DEA05 /* FavoritesView.swift */ = {isa = PBXFileReference; lastKnownFileType = sourcecode.swift; path = FavoritesView.swift; sourceTree = "<group>"; };
		4AE98F9729CB804E006DEA05 /* SignInPageView.swift */ = {isa = PBXFileReference; lastKnownFileType = sourcecode.swift; path = SignInPageView.swift; sourceTree = "<group>"; };
		4AE98F9929CB8069006DEA05 /* TabBarView.swift */ = {isa = PBXFileReference; lastKnownFileType = sourcecode.swift; path = TabBarView.swift; sourceTree = "<group>"; };
		4AE98F9B29CB8080006DEA05 /* TextFieldView.swift */ = {isa = PBXFileReference; lastKnownFileType = sourcecode.swift; path = TextFieldView.swift; sourceTree = "<group>"; };
/* End PBXFileReference section */

/* Begin PBXFrameworksBuildPhase section */
		4AE98F6029CB7A94006DEA05 /* Frameworks */ = {
			isa = PBXFrameworksBuildPhase;
			buildActionMask = 2147483647;
			files = (
			);
			runOnlyForDeploymentPostprocessing = 0;
		};
/* End PBXFrameworksBuildPhase section */

/* Begin PBXGroup section */
		4A5F3DF929CB82C3007B8BFA /* TabBar */ = {
			isa = PBXGroup;
			children = (
				4A5F3DFC29CB83F2007B8BFA /* HomeViews */,
				4AE98F9929CB8069006DEA05 /* TabBarView.swift */,
				4AE98F9529CB8036006DEA05 /* FavoritesView.swift */,
				4AE98F7529CB7AE2006DEA05 /* CartView.swift */,
				4AE98F9329CB8020006DEA05 /* ProfileVIew.swift */,
			);
			path = TabBar;
			sourceTree = "<group>";
		};
		4A5F3DFA29CB82D5007B8BFA /* CustomView */ = {
			isa = PBXGroup;
			children = (
				4AE98F8F29CB7FE5006DEA05 /* PasswordFieldView.swift */,
				4AE98F9B29CB8080006DEA05 /* TextFieldView.swift */,
				4AE98F7929CB7B5E006DEA05 /* CustomButtonView.swift */,
			);
			path = CustomView;
			sourceTree = "<group>";
		};
		4A5F3DFB29CB83AE007B8BFA /* RegisterView */ = {
			isa = PBXGroup;
			children = (
				4AE98F8529CB7C4F006DEA05 /* LoginView.swift */,
				4AE98F9729CB804E006DEA05 /* SignInPageView.swift */,
				4AE98F8D29CB7FBD006DEA05 /* PasswordConfirmationView.swift */,
			);
			path = RegisterView;
			sourceTree = "<group>";
		};
		4A5F3DFC29CB83F2007B8BFA /* HomeViews */ = {
			isa = PBXGroup;
			children = (
				4AE98F7F29CB7BB8006DEA05 /* HomeView.swift */,
				4AE98F8129CB7BDA006DEA05 /* LatestView.swift */,
				4AE98F7D29CB7B99006DEA05 /* FlashSaleView.swift */,
				4A5F3E0229CCDD47007B8BFA /* LatestItemView.swift */,
				4AC5036F29CF7E70003D0063 /* FlashSaleItemView.swift */,
			);
			path = HomeViews;
			sourceTree = "<group>";
		};
		4AE98F5A29CB7A94006DEA05 = {
			isa = PBXGroup;
			children = (
				4AE98F6529CB7A94006DEA05 /* TaskTestSwiftUI */,
				4AE98F6429CB7A94006DEA05 /* Products */,
			);
			sourceTree = "<group>";
		};
		4AE98F6429CB7A94006DEA05 /* Products */ = {
			isa = PBXGroup;
			children = (
				4AE98F6329CB7A94006DEA05 /* TaskTestSwiftUI.app */,
			);
			name = Products;
			sourceTree = "<group>";
		};
		4AE98F6529CB7A94006DEA05 /* TaskTestSwiftUI */ = {
			isa = PBXGroup;
			children = (
				4AE98F6629CB7A94006DEA05 /* TaskTestSwiftUIApp.swift */,
				4AE98F6829CB7A94006DEA05 /* ContentView.swift */,
				4A5F3DFB29CB83AE007B8BFA /* RegisterView */,
				4A5F3DFA29CB82D5007B8BFA /* CustomView */,
				4A5F3DF929CB82C3007B8BFA /* TabBar */,
				4AE98F7429CB7AC4006DEA05 /* Models */,
				4AE98F9129CB7FFD006DEA05 /* ProductItemView.swift */,
				4AE98F7729CB7B0D006DEA05 /* CategoryGoodsView.swift */,
				4AE98F6C29CB7A95006DEA05 /* Preview Content */,
				4AE98F6A29CB7A95006DEA05 /* Assets.xcassets */,
				4A5F3DFE29CC70E9007B8BFA /* Extension's.swift */,
			);
			path = TaskTestSwiftUI;
			sourceTree = "<group>";
		};
		4AE98F6C29CB7A95006DEA05 /* Preview Content */ = {
			isa = PBXGroup;
			children = (
				4AE98F6D29CB7A95006DEA05 /* Preview Assets.xcassets */,
			);
			path = "Preview Content";
			sourceTree = "<group>";
		};
		4AE98F7429CB7AC4006DEA05 /* Models */ = {
			isa = PBXGroup;
			children = (
				4AE98F8B29CB7CA3006DEA05 /* NetworkManager.swift */,
				4AE98F7B29CB7B73006DEA05 /* DataStore.swift */,
				4AE98F8729CB7C70006DEA05 /* ModelAPI.swift */,
				4AE98F8929CB7C8A006DEA05 /* Models.swift */,
				4AC5036D29CE2C7A003D0063 /* UserSettings.swift */,
			);
			path = Models;
			sourceTree = "<group>";
		};
/* End PBXGroup section */

/* Begin PBXNativeTarget section */
		4AE98F6229CB7A94006DEA05 /* TaskTestSwiftUI */ = {
			isa = PBXNativeTarget;
			buildConfigurationList = 4AE98F7129CB7A95006DEA05 /* Build configuration list for PBXNativeTarget "TaskTestSwiftUI" */;
			buildPhases = (
				4AE98F5F29CB7A94006DEA05 /* Sources */,
				4AE98F6029CB7A94006DEA05 /* Frameworks */,
				4AE98F6129CB7A94006DEA05 /* Resources */,
			);
			buildRules = (
			);
			dependencies = (
			);
			name = TaskTestSwiftUI;
			productName = TaskTestSwiftUI;
			productReference = 4AE98F6329CB7A94006DEA05 /* TaskTestSwiftUI.app */;
			productType = "com.apple.product-type.application";
		};
/* End PBXNativeTarget section */

/* Begin PBXProject section */
		4AE98F5B29CB7A94006DEA05 /* Project object */ = {
			isa = PBXProject;
			attributes = {
				BuildIndependentTargetsInParallel = 1;
				LastSwiftUpdateCheck = 1410;
				LastUpgradeCheck = 1410;
				TargetAttributes = {
					4AE98F6229CB7A94006DEA05 = {
						CreatedOnToolsVersion = 14.1;
					};
				};
			};
			buildConfigurationList = 4AE98F5E29CB7A94006DEA05 /* Build configuration list for PBXProject "TaskTestSwiftUI" */;
			compatibilityVersion = "Xcode 14.0";
			developmentRegion = en;
			hasScannedForEncodings = 0;
			knownRegions = (
				en,
				Base,
			);
			mainGroup = 4AE98F5A29CB7A94006DEA05;
			productRefGroup = 4AE98F6429CB7A94006DEA05 /* Products */;
			projectDirPath = "";
			projectRoot = "";
			targets = (
				4AE98F6229CB7A94006DEA05 /* TaskTestSwiftUI */,
			);
		};
/* End PBXProject section */

/* Begin PBXResourcesBuildPhase section */
		4AE98F6129CB7A94006DEA05 /* Resources */ = {
			isa = PBXResourcesBuildPhase;
			buildActionMask = 2147483647;
			files = (
				4AE98F6E29CB7A95006DEA05 /* Preview Assets.xcassets in Resources */,
				4AE98F6B29CB7A95006DEA05 /* Assets.xcassets in Resources */,
			);
			runOnlyForDeploymentPostprocessing = 0;
		};
/* End PBXResourcesBuildPhase section */

/* Begin PBXSourcesBuildPhase section */
		4AE98F5F29CB7A94006DEA05 /* Sources */ = {
			isa = PBXSourcesBuildPhase;
			buildActionMask = 2147483647;
			files = (
				4AE98F8829CB7C70006DEA05 /* ModelAPI.swift in Sources */,
				4AC5037029CF7E70003D0063 /* FlashSaleItemView.swift in Sources */,
				4AE98F8A29CB7C8A006DEA05 /* Models.swift in Sources */,
				4AE98F8E29CB7FBD006DEA05 /* PasswordConfirmationView.swift in Sources */,
				4AE98F7A29CB7B5E006DEA05 /* CustomButtonView.swift in Sources */,
				4AE98F9029CB7FE5006DEA05 /* PasswordFieldView.swift in Sources */,
				4AE98F9229CB7FFD006DEA05 /* ProductItemView.swift in Sources */,
				4AE98F7E29CB7B99006DEA05 /* FlashSaleView.swift in Sources */,
				4AE98F9829CB804E006DEA05 /* SignInPageView.swift in Sources */,
				4AE98F7C29CB7B73006DEA05 /* DataStore.swift in Sources */,
				4AE98F7629CB7AE2006DEA05 /* CartView.swift in Sources */,
				4AE98F6929CB7A94006DEA05 /* ContentView.swift in Sources */,
				4AE98F8029CB7BB8006DEA05 /* HomeView.swift in Sources */,
				4AE98F6729CB7A94006DEA05 /* TaskTestSwiftUIApp.swift in Sources */,
				4AE98F9C29CB8080006DEA05 /* TextFieldView.swift in Sources */,
				4AE98F8C29CB7CA3006DEA05 /* NetworkManager.swift in Sources */,
				4AC5036E29CE2C7A003D0063 /* UserSettings.swift in Sources */,
				4AE98F9429CB8020006DEA05 /* ProfileVIew.swift in Sources */,
				4AE98F9A29CB8069006DEA05 /* TabBarView.swift in Sources */,
				4A5F3E0329CCDD47007B8BFA /* LatestItemView.swift in Sources */,
				4AE98F8629CB7C4F006DEA05 /* LoginView.swift in Sources */,
				4AE98F7829CB7B0D006DEA05 /* CategoryGoodsView.swift in Sources */,
				4AE98F8229CB7BDA006DEA05 /* LatestView.swift in Sources */,
				4A5F3DFF29CC70E9007B8BFA /* Extension's.swift in Sources */,
				4AE98F9629CB8036006DEA05 /* FavoritesView.swift in Sources */,
			);
			runOnlyForDeploymentPostprocessing = 0;
		};
/* End PBXSourcesBuildPhase section */

/* Begin XCBuildConfiguration section */
		4AE98F6F29CB7A95006DEA05 /* Debug */ = {
			isa = XCBuildConfiguration;
			buildSettings = {
				ALWAYS_SEARCH_USER_PATHS = NO;
				CLANG_ANALYZER_NONNULL = YES;
				CLANG_ANALYZER_NUMBER_OBJECT_CONVERSION = YES_AGGRESSIVE;
				CLANG_CXX_LANGUAGE_STANDARD = "gnu++20";
				CLANG_ENABLE_MODULES = YES;
				CLANG_ENABLE_OBJC_ARC = YES;
				CLANG_ENABLE_OBJC_WEAK = YES;
				CLANG_WARN_BLOCK_CAPTURE_AUTORELEASING = YES;
				CLANG_WARN_BOOL_CONVERSION = YES;
				CLANG_WARN_COMMA = YES;
				CLANG_WARN_CONSTANT_CONVERSION = YES;
				CLANG_WARN_DEPRECATED_OBJC_IMPLEMENTATIONS = YES;
				CLANG_WARN_DIRECT_OBJC_ISA_USAGE = YES_ERROR;
				CLANG_WARN_DOCUMENTATION_COMMENTS = YES;
				CLANG_WARN_EMPTY_BODY = YES;
				CLANG_WARN_ENUM_CONVERSION = YES;
				CLANG_WARN_INFINITE_RECURSION = YES;
				CLANG_WARN_INT_CONVERSION = YES;
				CLANG_WARN_NON_LITERAL_NULL_CONVERSION = YES;
				CLANG_WARN_OBJC_IMPLICIT_RETAIN_SELF = YES;
				CLANG_WARN_OBJC_LITERAL_CONVERSION = YES;
				CLANG_WARN_OBJC_ROOT_CLASS = YES_ERROR;
				CLANG_WARN_QUOTED_INCLUDE_IN_FRAMEWORK_HEADER = YES;
				CLANG_WARN_RANGE_LOOP_ANALYSIS = YES;
				CLANG_WARN_STRICT_PROTOTYPES = YES;
				CLANG_WARN_SUSPICIOUS_MOVE = YES;
				CLANG_WARN_UNGUARDED_AVAILABILITY = YES_AGGRESSIVE;
				CLANG_WARN_UNREACHABLE_CODE = YES;
				CLANG_WARN__DUPLICATE_METHOD_MATCH = YES;
				COPY_PHASE_STRIP = NO;
				DEBUG_INFORMATION_FORMAT = dwarf;
				ENABLE_STRICT_OBJC_MSGSEND = YES;
				ENABLE_TESTABILITY = YES;
				GCC_C_LANGUAGE_STANDARD = gnu11;
				GCC_DYNAMIC_NO_PIC = NO;
				GCC_NO_COMMON_BLOCKS = YES;
				GCC_OPTIMIZATION_LEVEL = 0;
				GCC_PREPROCESSOR_DEFINITIONS = (
					"DEBUG=1",
					"$(inherited)",
				);
				GCC_WARN_64_TO_32_BIT_CONVERSION = YES;
				GCC_WARN_ABOUT_RETURN_TYPE = YES_ERROR;
				GCC_WARN_UNDECLARED_SELECTOR = YES;
				GCC_WARN_UNINITIALIZED_AUTOS = YES_AGGRESSIVE;
				GCC_WARN_UNUSED_FUNCTION = YES;
				GCC_WARN_UNUSED_VARIABLE = YES;
				IPHONEOS_DEPLOYMENT_TARGET = 16.1;
				MTL_ENABLE_DEBUG_INFO = INCLUDE_SOURCE;
				MTL_FAST_MATH = YES;
				ONLY_ACTIVE_ARCH = YES;
				SDKROOT = iphoneos;
				SWIFT_ACTIVE_COMPILATION_CONDITIONS = DEBUG;
				SWIFT_OPTIMIZATION_LEVEL = "-Onone";
			};
			name = Debug;
		};
		4AE98F7029CB7A95006DEA05 /* Release */ = {
			isa = XCBuildConfiguration;
			buildSettings = {
				ALWAYS_SEARCH_USER_PATHS = NO;
				CLANG_ANALYZER_NONNULL = YES;
				CLANG_ANALYZER_NUMBER_OBJECT_CONVERSION = YES_AGGRESSIVE;
				CLANG_CXX_LANGUAGE_STANDARD = "gnu++20";
				CLANG_ENABLE_MODULES = YES;
				CLANG_ENABLE_OBJC_ARC = YES;
				CLANG_ENABLE_OBJC_WEAK = YES;
				CLANG_WARN_BLOCK_CAPTURE_AUTORELEASING = YES;
				CLANG_WARN_BOOL_CONVERSION = YES;
				CLANG_WARN_COMMA = YES;
				CLANG_WARN_CONSTANT_CONVERSION = YES;
				CLANG_WARN_DEPRECATED_OBJC_IMPLEMENTATIONS = YES;
				CLANG_WARN_DIRECT_OBJC_ISA_USAGE = YES_ERROR;
				CLANG_WARN_DOCUMENTATION_COMMENTS = YES;
				CLANG_WARN_EMPTY_BODY = YES;
				CLANG_WARN_ENUM_CONVERSION = YES;
				CLANG_WARN_INFINITE_RECURSION = YES;
				CLANG_WARN_INT_CONVERSION = YES;
				CLANG_WARN_NON_LITERAL_NULL_CONVERSION = YES;
				CLANG_WARN_OBJC_IMPLICIT_RETAIN_SELF = YES;
				CLANG_WARN_OBJC_LITERAL_CONVERSION = YES;
				CLANG_WARN_OBJC_ROOT_CLASS = YES_ERROR;
				CLANG_WARN_QUOTED_INCLUDE_IN_FRAMEWORK_HEADER = YES;
				CLANG_WARN_RANGE_LOOP_ANALYSIS = YES;
				CLANG_WARN_STRICT_PROTOTYPES = YES;
				CLANG_WARN_SUSPICIOUS_MOVE = YES;
				CLANG_WARN_UNGUARDED_AVAILABILITY = YES_AGGRESSIVE;
				CLANG_WARN_UNREACHABLE_CODE = YES;
				CLANG_WARN__DUPLICATE_METHOD_MATCH = YES;
				COPY_PHASE_STRIP = NO;
				DEBUG_INFORMATION_FORMAT = "dwarf-with-dsym";
				ENABLE_NS_ASSERTIONS = NO;
				ENABLE_STRICT_OBJC_MSGSEND = YES;
				GCC_C_LANGUAGE_STANDARD = gnu11;
				GCC_NO_COMMON_BLOCKS = YES;
				GCC_WARN_64_TO_32_BIT_CONVERSION = YES;
				GCC_WARN_ABOUT_RETURN_TYPE = YES_ERROR;
				GCC_WARN_UNDECLARED_SELECTOR = YES;
				GCC_WARN_UNINITIALIZED_AUTOS = YES_AGGRESSIVE;
				GCC_WARN_UNUSED_FUNCTION = YES;
				GCC_WARN_UNUSED_VARIABLE = YES;
				IPHONEOS_DEPLOYMENT_TARGET = 16.1;
				MTL_ENABLE_DEBUG_INFO = NO;
				MTL_FAST_MATH = YES;
				SDKROOT = iphoneos;
				SWIFT_COMPILATION_MODE = wholemodule;
				SWIFT_OPTIMIZATION_LEVEL = "-O";
				VALIDATE_PRODUCT = YES;
			};
			name = Release;
		};
		4AE98F7229CB7A95006DEA05 /* Debug */ = {
			isa = XCBuildConfiguration;
			buildSettings = {
				ASSETCATALOG_COMPILER_APPICON_NAME = AppIcon;
				ASSETCATALOG_COMPILER_GLOBAL_ACCENT_COLOR_NAME = AccentColor;
				CODE_SIGN_STYLE = Automatic;
				CURRENT_PROJECT_VERSION = 1;
				DEVELOPMENT_ASSET_PATHS = "\"TaskTestSwiftUI/Preview Content\"";
				DEVELOPMENT_TEAM = Z52WMUYY55;
				ENABLE_PREVIEWS = YES;
				GENERATE_INFOPLIST_FILE = YES;
				INFOPLIST_KEY_UIApplicationSceneManifest_Generation = YES;
				INFOPLIST_KEY_UIApplicationSupportsIndirectInputEvents = YES;
				INFOPLIST_KEY_UILaunchScreen_Generation = YES;
				INFOPLIST_KEY_UISupportedInterfaceOrientations_iPad = "UIInterfaceOrientationPortrait UIInterfaceOrientationPortraitUpsideDown UIInterfaceOrientationLandscapeLeft UIInterfaceOrientationLandscapeRight";
				INFOPLIST_KEY_UISupportedInterfaceOrientations_iPhone = "UIInterfaceOrientationPortrait UIInterfaceOrientationLandscapeLeft UIInterfaceOrientationLandscapeRight";
				LD_RUNPATH_SEARCH_PATHS = (
					"$(inherited)",
					"@executable_path/Frameworks",
				);
				MARKETING_VERSION = 1.0;
				PRODUCT_BUNDLE_IDENTIFIER = isa.arbuhov.TaskTestSwiftUI;
				PRODUCT_NAME = "$(TARGET_NAME)";
				SWIFT_EMIT_LOC_STRINGS = YES;
				SWIFT_VERSION = 5.0;
				TARGETED_DEVICE_FAMILY = "1,2";
			};
			name = Debug;
		};
		4AE98F7329CB7A95006DEA05 /* Release */ = {
			isa = XCBuildConfiguration;
			buildSettings = {
				ASSETCATALOG_COMPILER_APPICON_NAME = AppIcon;
				ASSETCATALOG_COMPILER_GLOBAL_ACCENT_COLOR_NAME = AccentColor;
				CODE_SIGN_STYLE = Automatic;
				CURRENT_PROJECT_VERSION = 1;
				DEVELOPMENT_ASSET_PATHS = "\"TaskTestSwiftUI/Preview Content\"";
				DEVELOPMENT_TEAM = Z52WMUYY55;
				ENABLE_PREVIEWS = YES;
				GENERATE_INFOPLIST_FILE = YES;
				INFOPLIST_KEY_UIApplicationSceneManifest_Generation = YES;
				INFOPLIST_KEY_UIApplicationSupportsIndirectInputEvents = YES;
				INFOPLIST_KEY_UILaunchScreen_Generation = YES;
				INFOPLIST_KEY_UISupportedInterfaceOrientations_iPad = "UIInterfaceOrientationPortrait UIInterfaceOrientationPortraitUpsideDown UIInterfaceOrientationLandscapeLeft UIInterfaceOrientationLandscapeRight";
				INFOPLIST_KEY_UISupportedInterfaceOrientations_iPhone = "UIInterfaceOrientationPortrait UIInterfaceOrientationLandscapeLeft UIInterfaceOrientationLandscapeRight";
				LD_RUNPATH_SEARCH_PATHS = (
					"$(inherited)",
					"@executable_path/Frameworks",
				);
				MARKETING_VERSION = 1.0;
				PRODUCT_BUNDLE_IDENTIFIER = isa.arbuhov.TaskTestSwiftUI;
				PRODUCT_NAME = "$(TARGET_NAME)";
				SWIFT_EMIT_LOC_STRINGS = YES;
				SWIFT_VERSION = 5.0;
				TARGETED_DEVICE_FAMILY = "1,2";
			};
			name = Release;
		};
/* End XCBuildConfiguration section */

/* Begin XCConfigurationList section */
		4AE98F5E29CB7A94006DEA05 /* Build configuration list for PBXProject "TaskTestSwiftUI" */ = {
			isa = XCConfigurationList;
			buildConfigurations = (
				4AE98F6F29CB7A95006DEA05 /* Debug */,
				4AE98F7029CB7A95006DEA05 /* Release */,
			);
			defaultConfigurationIsVisible = 0;
			defaultConfigurationName = Release;
		};
		4AE98F7129CB7A95006DEA05 /* Build configuration list for PBXNativeTarget "TaskTestSwiftUI" */ = {
			isa = XCConfigurationList;
			buildConfigurations = (
				4AE98F7229CB7A95006DEA05 /* Debug */,
				4AE98F7329CB7A95006DEA05 /* Release */,
			);
			defaultConfigurationIsVisible = 0;
			defaultConfigurationName = Release;
		};
/* End XCConfigurationList section */
	};
	rootObject = 4AE98F5B29CB7A94006DEA05 /* Project object */;
}
